// !$*UTF8*$!
{
	archiveVersion = 1;
	classes = {
	};
	objectVersion = 56;
	objects = {

/* Begin PBXBuildFile section */
		D117AFF72916F1A900F7AFD4 /* LocationSearchActivationView.swift in Sources */ = {isa = PBXBuildFile; fileRef = D117AFF62916F1A900F7AFD4 /* LocationSearchActivationView.swift */; };
		D117AFF92916F64C00F7AFD4 /* MapViewActionButton.swift in Sources */ = {isa = PBXBuildFile; fileRef = D117AFF82916F64C00F7AFD4 /* MapViewActionButton.swift */; };
		D126B142291310CC0042BD67 /* UberAppCloneApp.swift in Sources */ = {isa = PBXBuildFile; fileRef = D126B141291310CC0042BD67 /* UberAppCloneApp.swift */; };
		D126B146291310CD0042BD67 /* Assets.xcassets in Resources */ = {isa = PBXBuildFile; fileRef = D126B145291310CD0042BD67 /* Assets.xcassets */; };
		D126B149291310CD0042BD67 /* Preview Assets.xcassets in Resources */ = {isa = PBXBuildFile; fileRef = D126B148291310CD0042BD67 /* Preview Assets.xcassets */; };
		D126B1592913133F0042BD67 /* HomeView.swift in Sources */ = {isa = PBXBuildFile; fileRef = D126B1582913133F0042BD67 /* HomeView.swift */; };
		D126B15D291315450042BD67 /* UberMapViewRepresentable.swift in Sources */ = {isa = PBXBuildFile; fileRef = D126B15C291315450042BD67 /* UberMapViewRepresentable.swift */; };
		D126B15F29131CAD0042BD67 /* LocationManager.swift in Sources */ = {isa = PBXBuildFile; fileRef = D126B15E29131CAD0042BD67 /* LocationManager.swift */; };
/* End PBXBuildFile section */

/* Begin PBXFileReference section */
		D117AFF62916F1A900F7AFD4 /* LocationSearchActivationView.swift */ = {isa = PBXFileReference; lastKnownFileType = sourcecode.swift; path = LocationSearchActivationView.swift; sourceTree = "<group>"; };
		D117AFF82916F64C00F7AFD4 /* MapViewActionButton.swift */ = {isa = PBXFileReference; lastKnownFileType = sourcecode.swift; path = MapViewActionButton.swift; sourceTree = "<group>"; };
		D126B13E291310CC0042BD67 /* UberAppClone.app */ = {isa = PBXFileReference; explicitFileType = wrapper.application; includeInIndex = 0; path = UberAppClone.app; sourceTree = BUILT_PRODUCTS_DIR; };
		D126B141291310CC0042BD67 /* UberAppCloneApp.swift */ = {isa = PBXFileReference; lastKnownFileType = sourcecode.swift; path = UberAppCloneApp.swift; sourceTree = "<group>"; };
		D126B145291310CD0042BD67 /* Assets.xcassets */ = {isa = PBXFileReference; lastKnownFileType = folder.assetcatalog; path = Assets.xcassets; sourceTree = "<group>"; };
		D126B148291310CD0042BD67 /* Preview Assets.xcassets */ = {isa = PBXFileReference; lastKnownFileType = folder.assetcatalog; path = "Preview Assets.xcassets"; sourceTree = "<group>"; };
		D126B1582913133F0042BD67 /* HomeView.swift */ = {isa = PBXFileReference; lastKnownFileType = sourcecode.swift; path = HomeView.swift; sourceTree = "<group>"; };
		D126B15C291315450042BD67 /* UberMapViewRepresentable.swift */ = {isa = PBXFileReference; lastKnownFileType = sourcecode.swift; path = UberMapViewRepresentable.swift; sourceTree = "<group>"; };
		D126B15E29131CAD0042BD67 /* LocationManager.swift */ = {isa = PBXFileReference; lastKnownFileType = sourcecode.swift; path = LocationManager.swift; sourceTree = "<group>"; };
/* End PBXFileReference section */

/* Begin PBXFrameworksBuildPhase section */
		D126B13B291310CC0042BD67 /* Frameworks */ = {
			isa = PBXFrameworksBuildPhase;
			buildActionMask = 2147483647;
			files = (
			);
			runOnlyForDeploymentPostprocessing = 0;
		};
/* End PBXFrameworksBuildPhase section */

/* Begin PBXGroup section */
		D117AFF22916F10D00F7AFD4 /* Home */ = {
			isa = PBXGroup;
			children = (
				D126B154291311E70042BD67 /* Views */,
				D126B155291311ED0042BD67 /* ViewModel */,
			);
			path = Home;
			sourceTree = "<group>";
		};
		D117AFF32916F13200F7AFD4 /* LocationSearch */ = {
			isa = PBXGroup;
			children = (
				D117AFF52916F14100F7AFD4 /* ViewModel */,
				D117AFF42916F13E00F7AFD4 /* Views */,
			);
			path = LocationSearch;
			sourceTree = "<group>";
		};
		D117AFF42916F13E00F7AFD4 /* Views */ = {
			isa = PBXGroup;
			children = (
				D117AFF62916F1A900F7AFD4 /* LocationSearchActivationView.swift */,
			);
			path = Views;
			sourceTree = "<group>";
		};
		D117AFF52916F14100F7AFD4 /* ViewModel */ = {
			isa = PBXGroup;
			children = (
			);
			path = ViewModel;
			sourceTree = "<group>";
		};
		D126B135291310CC0042BD67 = {
			isa = PBXGroup;
			children = (
				D126B140291310CC0042BD67 /* UberAppClone */,
				D126B13F291310CC0042BD67 /* Products */,
			);
			sourceTree = "<group>";
		};
		D126B13F291310CC0042BD67 /* Products */ = {
			isa = PBXGroup;
			children = (
				D126B13E291310CC0042BD67 /* UberAppClone.app */,
			);
			name = Products;
			sourceTree = "<group>";
		};
		D126B140291310CC0042BD67 /* UberAppClone */ = {
			isa = PBXGroup;
			children = (
				D126B14F2913113C0042BD67 /* App */,
				D126B150291311460042BD67 /* Core */,
				D126B1512913114E0042BD67 /* Extensions */,
				D126B152291311570042BD67 /* Managers */,
				D126B1532913115A0042BD67 /* Models */,
				D126B145291310CD0042BD67 /* Assets.xcassets */,
				D126B147291310CD0042BD67 /* Preview Content */,
			);
			path = UberAppClone;
			sourceTree = "<group>";
		};
		D126B147291310CD0042BD67 /* Preview Content */ = {
			isa = PBXGroup;
			children = (
				D126B148291310CD0042BD67 /* Preview Assets.xcassets */,
			);
			path = "Preview Content";
			sourceTree = "<group>";
		};
		D126B14F2913113C0042BD67 /* App */ = {
			isa = PBXGroup;
			children = (
				D126B141291310CC0042BD67 /* UberAppCloneApp.swift */,
			);
			path = App;
			sourceTree = "<group>";
		};
		D126B150291311460042BD67 /* Core */ = {
			isa = PBXGroup;
			children = (
				D117AFF32916F13200F7AFD4 /* LocationSearch */,
				D117AFF22916F10D00F7AFD4 /* Home */,
			);
			path = Core;
			sourceTree = "<group>";
		};
		D126B1512913114E0042BD67 /* Extensions */ = {
			isa = PBXGroup;
			children = (
			);
			path = Extensions;
			sourceTree = "<group>";
		};
		D126B152291311570042BD67 /* Managers */ = {
			isa = PBXGroup;
			children = (
				D126B15E29131CAD0042BD67 /* LocationManager.swift */,
			);
			path = Managers;
			sourceTree = "<group>";
		};
		D126B1532913115A0042BD67 /* Models */ = {
			isa = PBXGroup;
			children = (
			);
			path = Models;
			sourceTree = "<group>";
		};
		D126B154291311E70042BD67 /* Views */ = {
			isa = PBXGroup;
			children = (
				D126B1582913133F0042BD67 /* HomeView.swift */,
				D126B15C291315450042BD67 /* UberMapViewRepresentable.swift */,
				D117AFF82916F64C00F7AFD4 /* MapViewActionButton.swift */,
			);
			path = Views;
			sourceTree = "<group>";
		};
		D126B155291311ED0042BD67 /* ViewModel */ = {
			isa = PBXGroup;
			children = (
			);
			path = ViewModel;
			sourceTree = "<group>";
		};
/* End PBXGroup section */

/* Begin PBXNativeTarget section */
		D126B13D291310CC0042BD67 /* UberAppClone */ = {
			isa = PBXNativeTarget;
			buildConfigurationList = D126B14C291310CD0042BD67 /* Build configuration list for PBXNativeTarget "UberAppClone" */;
			buildPhases = (
				D126B13A291310CC0042BD67 /* Sources */,
				D126B13B291310CC0042BD67 /* Frameworks */,
				D126B13C291310CC0042BD67 /* Resources */,
			);
			buildRules = (
			);
			dependencies = (
			);
			name = UberAppClone;
			productName = UberAppClone;
			productReference = D126B13E291310CC0042BD67 /* UberAppClone.app */;
			productType = "com.apple.product-type.application";
		};
/* End PBXNativeTarget section */

/* Begin PBXProject section */
		D126B136291310CC0042BD67 /* Project object */ = {
			isa = PBXProject;
			attributes = {
				BuildIndependentTargetsInParallel = 1;
				LastSwiftUpdateCheck = 1400;
				LastUpgradeCheck = 1400;
				TargetAttributes = {
					D126B13D291310CC0042BD67 = {
						CreatedOnToolsVersion = 14.0.1;
					};
				};
			};
			buildConfigurationList = D126B139291310CC0042BD67 /* Build configuration list for PBXProject "UberAppClone" */;
			compatibilityVersion = "Xcode 14.0";
			developmentRegion = en;
			hasScannedForEncodings = 0;
			knownRegions = (
				en,
				Base,
			);
			mainGroup = D126B135291310CC0042BD67;
			productRefGroup = D126B13F291310CC0042BD67 /* Products */;
			projectDirPath = "";
			projectRoot = "";
			targets = (
				D126B13D291310CC0042BD67 /* UberAppClone */,
			);
		};
/* End PBXProject section */

/* Begin PBXResourcesBuildPhase section */
		D126B13C291310CC0042BD67 /* Resources */ = {
			isa = PBXResourcesBuildPhase;
			buildActionMask = 2147483647;
			files = (
				D126B149291310CD0042BD67 /* Preview Assets.xcassets in Resources */,
				D126B146291310CD0042BD67 /* Assets.xcassets in Resources */,
			);
			runOnlyForDeploymentPostprocessing = 0;
		};
/* End PBXResourcesBuildPhase section */

/* Begin PBXSourcesBuildPhase section */
		D126B13A291310CC0042BD67 /* Sources */ = {
			isa = PBXSourcesBuildPhase;
			buildActionMask = 2147483647;
			files = (
				D126B15F29131CAD0042BD67 /* LocationManager.swift in Sources */,
				D117AFF92916F64C00F7AFD4 /* MapViewActionButton.swift in Sources */,
				D126B142291310CC0042BD67 /* UberAppCloneApp.swift in Sources */,
				D126B15D291315450042BD67 /* UberMapViewRepresentable.swift in Sources */,
				D126B1592913133F0042BD67 /* HomeView.swift in Sources */,
				D117AFF72916F1A900F7AFD4 /* LocationSearchActivationView.swift in Sources */,
			);
			runOnlyForDeploymentPostprocessing = 0;
		};
/* End PBXSourcesBuildPhase section */

/* Begin XCBuildConfiguration section */
		D126B14A291310CD0042BD67 /* Debug */ = {
			isa = XCBuildConfiguration;
			buildSettings = {
				ALWAYS_SEARCH_USER_PATHS = NO;
				CLANG_ANALYZER_NONNULL = YES;
				CLANG_ANALYZER_NUMBER_OBJECT_CONVERSION = YES_AGGRESSIVE;
				CLANG_CXX_LANGUAGE_STANDARD = "gnu++20";
				CLANG_ENABLE_MODULES = YES;
				CLANG_ENABLE_OBJC_ARC = YES;
				CLANG_ENABLE_OBJC_WEAK = YES;
				CLANG_WARN_BLOCK_CAPTURE_AUTORELEASING = YES;
				CLANG_WARN_BOOL_CONVERSION = YES;
				CLANG_WARN_COMMA = YES;
				CLANG_WARN_CONSTANT_CONVERSION = YES;
				CLANG_WARN_DEPRECATED_OBJC_IMPLEMENTATIONS = YES;
				CLANG_WARN_DIRECT_OBJC_ISA_USAGE = YES_ERROR;
				CLANG_WARN_DOCUMENTATION_COMMENTS = YES;
				CLANG_WARN_EMPTY_BODY = YES;
				CLANG_WARN_ENUM_CONVERSION = YES;
				CLANG_WARN_INFINITE_RECURSION = YES;
				CLANG_WARN_INT_CONVERSION = YES;
				CLANG_WARN_NON_LITERAL_NULL_CONVERSION = YES;
				CLANG_WARN_OBJC_IMPLICIT_RETAIN_SELF = YES;
				CLANG_WARN_OBJC_LITERAL_CONVERSION = YES;
				CLANG_WARN_OBJC_ROOT_CLASS = YES_ERROR;
				CLANG_WARN_QUOTED_INCLUDE_IN_FRAMEWORK_HEADER = YES;
				CLANG_WARN_RANGE_LOOP_ANALYSIS = YES;
				CLANG_WARN_STRICT_PROTOTYPES = YES;
				CLANG_WARN_SUSPICIOUS_MOVE = YES;
				CLANG_WARN_UNGUARDED_AVAILABILITY = YES_AGGRESSIVE;
				CLANG_WARN_UNREACHABLE_CODE = YES;
				CLANG_WARN__DUPLICATE_METHOD_MATCH = YES;
				COPY_PHASE_STRIP = NO;
				DEBUG_INFORMATION_FORMAT = dwarf;
				ENABLE_STRICT_OBJC_MSGSEND = YES;
				ENABLE_TESTABILITY = YES;
				GCC_C_LANGUAGE_STANDARD = gnu11;
				GCC_DYNAMIC_NO_PIC = NO;
				GCC_NO_COMMON_BLOCKS = YES;
				GCC_OPTIMIZATION_LEVEL = 0;
				GCC_PREPROCESSOR_DEFINITIONS = (
					"DEBUG=1",
					"$(inherited)",
				);
				GCC_WARN_64_TO_32_BIT_CONVERSION = YES;
				GCC_WARN_ABOUT_RETURN_TYPE = YES_ERROR;
				GCC_WARN_UNDECLARED_SELECTOR = YES;
				GCC_WARN_UNINITIALIZED_AUTOS = YES_AGGRESSIVE;
				GCC_WARN_UNUSED_FUNCTION = YES;
				GCC_WARN_UNUSED_VARIABLE = YES;
				IPHONEOS_DEPLOYMENT_TARGET = 16.0;
				MTL_ENABLE_DEBUG_INFO = INCLUDE_SOURCE;
				MTL_FAST_MATH = YES;
				ONLY_ACTIVE_ARCH = YES;
				SDKROOT = iphoneos;
				SWIFT_ACTIVE_COMPILATION_CONDITIONS = DEBUG;
				SWIFT_OPTIMIZATION_LEVEL = "-Onone";
			};
			name = Debug;
		};
		D126B14B291310CD0042BD67 /* Release */ = {
			isa = XCBuildConfiguration;
			buildSettings = {
				ALWAYS_SEARCH_USER_PATHS = NO;
				CLANG_ANALYZER_NONNULL = YES;
				CLANG_ANALYZER_NUMBER_OBJECT_CONVERSION = YES_AGGRESSIVE;
				CLANG_CXX_LANGUAGE_STANDARD = "gnu++20";
				CLANG_ENABLE_MODULES = YES;
				CLANG_ENABLE_OBJC_ARC = YES;
				CLANG_ENABLE_OBJC_WEAK = YES;
				CLANG_WARN_BLOCK_CAPTURE_AUTORELEASING = YES;
				CLANG_WARN_BOOL_CONVERSION = YES;
				CLANG_WARN_COMMA = YES;
				CLANG_WARN_CONSTANT_CONVERSION = YES;
				CLANG_WARN_DEPRECATED_OBJC_IMPLEMENTATIONS = YES;
				CLANG_WARN_DIRECT_OBJC_ISA_USAGE = YES_ERROR;
				CLANG_WARN_DOCUMENTATION_COMMENTS = YES;
				CLANG_WARN_EMPTY_BODY = YES;
				CLANG_WARN_ENUM_CONVERSION = YES;
				CLANG_WARN_INFINITE_RECURSION = YES;
				CLANG_WARN_INT_CONVERSION = YES;
				CLANG_WARN_NON_LITERAL_NULL_CONVERSION = YES;
				CLANG_WARN_OBJC_IMPLICIT_RETAIN_SELF = YES;
				CLANG_WARN_OBJC_LITERAL_CONVERSION = YES;
				CLANG_WARN_OBJC_ROOT_CLASS = YES_ERROR;
				CLANG_WARN_QUOTED_INCLUDE_IN_FRAMEWORK_HEADER = YES;
				CLANG_WARN_RANGE_LOOP_ANALYSIS = YES;
				CLANG_WARN_STRICT_PROTOTYPES = YES;
				CLANG_WARN_SUSPICIOUS_MOVE = YES;
				CLANG_WARN_UNGUARDED_AVAILABILITY = YES_AGGRESSIVE;
				CLANG_WARN_UNREACHABLE_CODE = YES;
				CLANG_WARN__DUPLICATE_METHOD_MATCH = YES;
				COPY_PHASE_STRIP = NO;
				DEBUG_INFORMATION_FORMAT = "dwarf-with-dsym";
				ENABLE_NS_ASSERTIONS = NO;
				ENABLE_STRICT_OBJC_MSGSEND = YES;
				GCC_C_LANGUAGE_STANDARD = gnu11;
				GCC_NO_COMMON_BLOCKS = YES;
				GCC_WARN_64_TO_32_BIT_CONVERSION = YES;
				GCC_WARN_ABOUT_RETURN_TYPE = YES_ERROR;
				GCC_WARN_UNDECLARED_SELECTOR = YES;
				GCC_WARN_UNINITIALIZED_AUTOS = YES_AGGRESSIVE;
				GCC_WARN_UNUSED_FUNCTION = YES;
				GCC_WARN_UNUSED_VARIABLE = YES;
				IPHONEOS_DEPLOYMENT_TARGET = 16.0;
				MTL_ENABLE_DEBUG_INFO = NO;
				MTL_FAST_MATH = YES;
				SDKROOT = iphoneos;
				SWIFT_COMPILATION_MODE = wholemodule;
				SWIFT_OPTIMIZATION_LEVEL = "-O";
				VALIDATE_PRODUCT = YES;
			};
			name = Release;
		};
		D126B14D291310CD0042BD67 /* Debug */ = {
			isa = XCBuildConfiguration;
			buildSettings = {
				ASSETCATALOG_COMPILER_APPICON_NAME = AppIcon;
				ASSETCATALOG_COMPILER_GLOBAL_ACCENT_COLOR_NAME = AccentColor;
				CODE_SIGN_STYLE = Automatic;
				CURRENT_PROJECT_VERSION = 1;
				DEVELOPMENT_ASSET_PATHS = "\"UberAppClone/Preview Content\"";
				ENABLE_PREVIEWS = YES;
				GENERATE_INFOPLIST_FILE = YES;
				INFOPLIST_KEY_NSLocationWhenInUseUsageDescription = "Please allow us to access your location";
				INFOPLIST_KEY_UIApplicationSceneManifest_Generation = YES;
				INFOPLIST_KEY_UIApplicationSupportsIndirectInputEvents = YES;
				INFOPLIST_KEY_UILaunchScreen_Generation = YES;
				INFOPLIST_KEY_UISupportedInterfaceOrientations_iPad = "UIInterfaceOrientationPortrait UIInterfaceOrientationPortraitUpsideDown UIInterfaceOrientationLandscapeLeft UIInterfaceOrientationLandscapeRight";
				INFOPLIST_KEY_UISupportedInterfaceOrientations_iPhone = "UIInterfaceOrientationPortrait UIInterfaceOrientationLandscapeLeft UIInterfaceOrientationLandscapeRight";
				IPHONEOS_DEPLOYMENT_TARGET = 16.0;
				LD_RUNPATH_SEARCH_PATHS = (
					"$(inherited)",
					"@executable_path/Frameworks",
				);
				MARKETING_VERSION = 1.0;
				PRODUCT_BUNDLE_IDENTIFIER = com.UberAppClone;
				PRODUCT_NAME = "$(TARGET_NAME)";
				SWIFT_EMIT_LOC_STRINGS = YES;
				SWIFT_VERSION = 5.0;
				TARGETED_DEVICE_FAMILY = "1,2";
			};
			name = Debug;
		};
		D126B14E291310CD0042BD67 /* Release */ = {
			isa = XCBuildConfiguration;
			buildSettings = {
				ASSETCATALOG_COMPILER_APPICON_NAME = AppIcon;
				ASSETCATALOG_COMPILER_GLOBAL_ACCENT_COLOR_NAME = AccentColor;
				CODE_SIGN_STYLE = Automatic;
				CURRENT_PROJECT_VERSION = 1;
				DEVELOPMENT_ASSET_PATHS = "\"UberAppClone/Preview Content\"";
				ENABLE_PREVIEWS = YES;
				GENERATE_INFOPLIST_FILE = YES;
				INFOPLIST_KEY_NSLocationWhenInUseUsageDescription = "Please allow us to access your location";
				INFOPLIST_KEY_UIApplicationSceneManifest_Generation = YES;
				INFOPLIST_KEY_UIApplicationSupportsIndirectInputEvents = YES;
				INFOPLIST_KEY_UILaunchScreen_Generation = YES;
				INFOPLIST_KEY_UISupportedInterfaceOrientations_iPad = "UIInterfaceOrientationPortrait UIInterfaceOrientationPortraitUpsideDown UIInterfaceOrientationLandscapeLeft UIInterfaceOrientationLandscapeRight";
				INFOPLIST_KEY_UISupportedInterfaceOrientations_iPhone = "UIInterfaceOrientationPortrait UIInterfaceOrientationLandscapeLeft UIInterfaceOrientationLandscapeRight";
				IPHONEOS_DEPLOYMENT_TARGET = 16.0;
				LD_RUNPATH_SEARCH_PATHS = (
					"$(inherited)",
					"@executable_path/Frameworks",
				);
				MARKETING_VERSION = 1.0;
				PRODUCT_BUNDLE_IDENTIFIER = com.UberAppClone;
				PRODUCT_NAME = "$(TARGET_NAME)";
				SWIFT_EMIT_LOC_STRINGS = YES;
				SWIFT_VERSION = 5.0;
				TARGETED_DEVICE_FAMILY = "1,2";
			};
			name = Release;
		};
/* End XCBuildConfiguration section */

/* Begin XCConfigurationList section */
		D126B139291310CC0042BD67 /* Build configuration list for PBXProject "UberAppClone" */ = {
			isa = XCConfigurationList;
			buildConfigurations = (
				D126B14A291310CD0042BD67 /* Debug */,
				D126B14B291310CD0042BD67 /* Release */,
			);
			defaultConfigurationIsVisible = 0;
			defaultConfigurationName = Release;
		};
		D126B14C291310CD0042BD67 /* Build configuration list for PBXNativeTarget "UberAppClone" */ = {
			isa = XCConfigurationList;
			buildConfigurations = (
				D126B14D291310CD0042BD67 /* Debug */,
				D126B14E291310CD0042BD67 /* Release */,
			);
			defaultConfigurationIsVisible = 0;
			defaultConfigurationName = Release;
		};
/* End XCConfigurationList section */
	};
	rootObject = D126B136291310CC0042BD67 /* Project object */;
}
